version = 1
requires-python = ">=3.11"

[[package]]
name = "flat"
version = "0.4"
source = { registry = "https://pypi.org/simple" }
sdist = { url = "https://files.pythonhosted.org/packages/ed/a6/c72d15ea09cc10e10e72218be452f150f1c2be8fdc1c3f210b14a4092501/Flat-0.4.tar.gz", hash = "sha256:c006431be67e219fa8b2734bc374629f3a194cfc9dd2e24d3e520a7719e1b3e4", size = 49241 }

[[package]]
name = "sharkguto"
version = "0.1.0"
source = { virtual = "." }
dependencies = [
    { name = "flat" },
]

[package.metadata]
requires-dist = [{ name = "flat", extras = ["all"], specifier = ">=0.4" }]
